// !$*UTF8*$!
{
	archiveVersion = 1;
	classes = {
	};
	objectVersion = 55;
	objects = {

/* Begin PBXBuildFile section */
		CA6F53B42844AB3C002093C4 /* AppDelegate.swift in Sources */ = {isa = PBXBuildFile; fileRef = CA6F53B32844AB3C002093C4 /* AppDelegate.swift */; };
		CA6F53B62844AB3C002093C4 /* SceneDelegate.swift in Sources */ = {isa = PBXBuildFile; fileRef = CA6F53B52844AB3C002093C4 /* SceneDelegate.swift */; };
		CA6F53BB2844AB3C002093C4 /* SplashView.storyboard in Resources */ = {isa = PBXBuildFile; fileRef = CA6F53B92844AB3C002093C4 /* SplashView.storyboard */; };
		CA6F53BD2844AB3E002093C4 /* Assets.xcassets in Resources */ = {isa = PBXBuildFile; fileRef = CA6F53BC2844AB3E002093C4 /* Assets.xcassets */; };
		CA6F53C02844AB3E002093C4 /* LaunchScreen.storyboard in Resources */ = {isa = PBXBuildFile; fileRef = CA6F53BE2844AB3E002093C4 /* LaunchScreen.storyboard */; };
		CA6F53CB2844AEAF002093C4 /* AllCharactersViewController.swift in Sources */ = {isa = PBXBuildFile; fileRef = CA6F53CA2844AEAF002093C4 /* AllCharactersViewController.swift */; };
		CA6F53D52844C74D002093C4 /* NamedColors.xcassets in Resources */ = {isa = PBXBuildFile; fileRef = CA6F53D42844C74D002093C4 /* NamedColors.xcassets */; };
		CA6F53DE2844DE9D002093C4 /* CharacterNetworkService.swift in Sources */ = {isa = PBXBuildFile; fileRef = CA6F53DD2844DE9D002093C4 /* CharacterNetworkService.swift */; };
		CA6F53E02844DEB3002093C4 /* CharactersModel.swift in Sources */ = {isa = PBXBuildFile; fileRef = CA6F53DF2844DEB3002093C4 /* CharactersModel.swift */; };
		CA6F53E52844DF2D002093C4 /* CharacterCell.swift in Sources */ = {isa = PBXBuildFile; fileRef = CA6F53E32844DF2D002093C4 /* CharacterCell.swift */; };
		CA6F53E92844E107002093C4 /* NetworkManager.swift in Sources */ = {isa = PBXBuildFile; fileRef = CA6F53E82844E107002093C4 /* NetworkManager.swift */; };
		CA6F53EB2844E121002093C4 /* NavigationManager.swift in Sources */ = {isa = PBXBuildFile; fileRef = CA6F53EA2844E121002093C4 /* NavigationManager.swift */; };
		CA6F53EE2844F9C0002093C4 /* Endpoint.swift in Sources */ = {isa = PBXBuildFile; fileRef = CA6F53ED2844F9C0002093C4 /* Endpoint.swift */; };
		CA6F53F628460958002093C4 /* CharacterAssembly.swift in Sources */ = {isa = PBXBuildFile; fileRef = CA6F53F528460958002093C4 /* CharacterAssembly.swift */; };
		CA6F53F828460C19002093C4 /* CharacterViewController.swift in Sources */ = {isa = PBXBuildFile; fileRef = CA6F53F728460C19002093C4 /* CharacterViewController.swift */; };
		CA6F53FA28460C3C002093C4 /* CharacterViewProtocol.swift in Sources */ = {isa = PBXBuildFile; fileRef = CA6F53F928460C3C002093C4 /* CharacterViewProtocol.swift */; };
		CA6F53FC28460C85002093C4 /* CharacterRouterProtocol.swift in Sources */ = {isa = PBXBuildFile; fileRef = CA6F53FB28460C85002093C4 /* CharacterRouterProtocol.swift */; };
		CA6F53FE28460CA7002093C4 /* CharacterPresenter.swift in Sources */ = {isa = PBXBuildFile; fileRef = CA6F53FD28460CA6002093C4 /* CharacterPresenter.swift */; };
		CA6F540028460CB9002093C4 /* CharacterPresenterProtocol.swift in Sources */ = {isa = PBXBuildFile; fileRef = CA6F53FF28460CB9002093C4 /* CharacterPresenterProtocol.swift */; };
		CA6F540228460E0B002093C4 /* CharacterViewModel.swift in Sources */ = {isa = PBXBuildFile; fileRef = CA6F540128460E0B002093C4 /* CharacterViewModel.swift */; };
		CA6F54052846139E002093C4 /* AllCharactersAssemply.swift in Sources */ = {isa = PBXBuildFile; fileRef = CA6F54042846139E002093C4 /* AllCharactersAssemply.swift */; };
		CA6F540A284617F0002093C4 /* CharacterCellViewModel.swift in Sources */ = {isa = PBXBuildFile; fileRef = CA6F5409284617F0002093C4 /* CharacterCellViewModel.swift */; };
		CA6F540C2846180C002093C4 /* AllCharactersViewModel.swift in Sources */ = {isa = PBXBuildFile; fileRef = CA6F540B2846180C002093C4 /* AllCharactersViewModel.swift */; };
		CA6F541728461E80002093C4 /* LocationsAssembly.swift in Sources */ = {isa = PBXBuildFile; fileRef = CA6F541628461E80002093C4 /* LocationsAssembly.swift */; };
		CA6F541928462392002093C4 /* LocationsViewContrioller.swift in Sources */ = {isa = PBXBuildFile; fileRef = CA6F541828462392002093C4 /* LocationsViewContrioller.swift */; };
		CA6F541B284623BA002093C4 /* LocationsViewProtocol.swift in Sources */ = {isa = PBXBuildFile; fileRef = CA6F541A284623BA002093C4 /* LocationsViewProtocol.swift */; };
		CA6F541D28462817002093C4 /* LocationNetworkService.swift in Sources */ = {isa = PBXBuildFile; fileRef = CA6F541C28462817002093C4 /* LocationNetworkService.swift */; };
		CA6F541F28462840002093C4 /* LocationModel.swift in Sources */ = {isa = PBXBuildFile; fileRef = CA6F541E28462840002093C4 /* LocationModel.swift */; };
		CA6F542128462927002093C4 /* LocationsRouterProtocol.swift in Sources */ = {isa = PBXBuildFile; fileRef = CA6F542028462927002093C4 /* LocationsRouterProtocol.swift */; };
		CA6F542328462A8D002093C4 /* LocationsPresenter.swift in Sources */ = {isa = PBXBuildFile; fileRef = CA6F542228462A8D002093C4 /* LocationsPresenter.swift */; };
		CA6F542528462AA4002093C4 /* LocationsPresenterProtocol.swift in Sources */ = {isa = PBXBuildFile; fileRef = CA6F542428462AA4002093C4 /* LocationsPresenterProtocol.swift */; };
		CA6F542728462C28002093C4 /* LocationsViewModel.swift in Sources */ = {isa = PBXBuildFile; fileRef = CA6F542628462C28002093C4 /* LocationsViewModel.swift */; };
		CA6F542A28462C94002093C4 /* EpisodesNetworkService.swift in Sources */ = {isa = PBXBuildFile; fileRef = CA6F542928462C94002093C4 /* EpisodesNetworkService.swift */; };
		CA6F542C28462CF3002093C4 /* EpisodesModel.swift in Sources */ = {isa = PBXBuildFile; fileRef = CA6F542B28462CF3002093C4 /* EpisodesModel.swift */; };
		CA6F542E28462E2A002093C4 /* EpisodesAssembly.swift in Sources */ = {isa = PBXBuildFile; fileRef = CA6F542D28462E2A002093C4 /* EpisodesAssembly.swift */; };
		CA6F543028462E42002093C4 /* EpisodesViewModel.swift in Sources */ = {isa = PBXBuildFile; fileRef = CA6F542F28462E42002093C4 /* EpisodesViewModel.swift */; };
		CA6F543228462E59002093C4 /* EpisodesViewController.swift in Sources */ = {isa = PBXBuildFile; fileRef = CA6F543128462E59002093C4 /* EpisodesViewController.swift */; };
		CA6F543428462E6C002093C4 /* EpisodesViewProtocol.swift in Sources */ = {isa = PBXBuildFile; fileRef = CA6F543328462E6C002093C4 /* EpisodesViewProtocol.swift */; };
		CA6F543628462E86002093C4 /* EpisodesRoterProtocol.swift in Sources */ = {isa = PBXBuildFile; fileRef = CA6F543528462E86002093C4 /* EpisodesRoterProtocol.swift */; };
		CA6F543828462E99002093C4 /* EpisodesPresenter.swift in Sources */ = {isa = PBXBuildFile; fileRef = CA6F543728462E99002093C4 /* EpisodesPresenter.swift */; };
		CA6F543A28462EAC002093C4 /* EpisodesPresenterProtocol.swift in Sources */ = {isa = PBXBuildFile; fileRef = CA6F543928462EAC002093C4 /* EpisodesPresenterProtocol.swift */; };
		CA6F543C2846549B002093C4 /* AllCharactersPresenter.swift in Sources */ = {isa = PBXBuildFile; fileRef = CA6F543B2846549B002093C4 /* AllCharactersPresenter.swift */; };
		CA6F543E284654B5002093C4 /* AllCharactersPresenterProtocol.swift in Sources */ = {isa = PBXBuildFile; fileRef = CA6F543D284654B5002093C4 /* AllCharactersPresenterProtocol.swift */; };
		CA6F5440284654CF002093C4 /* AllCharactersRouterProtocol.swift in Sources */ = {isa = PBXBuildFile; fileRef = CA6F543F284654CF002093C4 /* AllCharactersRouterProtocol.swift */; };
		CA6F5442284654F7002093C4 /* AllCharactersViewProtocol.swift in Sources */ = {isa = PBXBuildFile; fileRef = CA6F5441284654F7002093C4 /* AllCharactersViewProtocol.swift */; };
		CA6F54442846563E002093C4 /* InterfaceStrings.swift in Sources */ = {isa = PBXBuildFile; fileRef = CA6F54432846563E002093C4 /* InterfaceStrings.swift */; };
		CA6F544628465BF1002093C4 /* Images.swift in Sources */ = {isa = PBXBuildFile; fileRef = CA6F544528465BF1002093C4 /* Images.swift */; };
		CA6F544B284663AD002093C4 /* SplashViewAssembly.swift in Sources */ = {isa = PBXBuildFile; fileRef = CA6F544A284663AD002093C4 /* SplashViewAssembly.swift */; };
		CA6F544D284665B5002093C4 /* SplashPresenterProtocol.swift in Sources */ = {isa = PBXBuildFile; fileRef = CA6F544C284665B5002093C4 /* SplashPresenterProtocol.swift */; };
		CA6F544F284665CC002093C4 /* SplashPresenter.swift in Sources */ = {isa = PBXBuildFile; fileRef = CA6F544E284665CC002093C4 /* SplashPresenter.swift */; };
		CA6F5451284665EF002093C4 /* SplashViewController.swift in Sources */ = {isa = PBXBuildFile; fileRef = CA6F5450284665EF002093C4 /* SplashViewController.swift */; };
		CA6F545328466601002093C4 /* SplashRouterProtocol.swift in Sources */ = {isa = PBXBuildFile; fileRef = CA6F545228466601002093C4 /* SplashRouterProtocol.swift */; };
		CA6F545528466615002093C4 /* SplashViewProtocol.swift in Sources */ = {isa = PBXBuildFile; fileRef = CA6F545428466615002093C4 /* SplashViewProtocol.swift */; };
		CA6F54572846675F002093C4 /* Colors.swift in Sources */ = {isa = PBXBuildFile; fileRef = CA6F54562846675F002093C4 /* Colors.swift */; };
		CA6F54592846695B002093C4 /* UIViewController+Portal.swift in Sources */ = {isa = PBXBuildFile; fileRef = CA6F54582846695B002093C4 /* UIViewController+Portal.swift */; };
		CA6F547B28476F35002093C4 /* SnapKit in Frameworks */ = {isa = PBXBuildFile; productRef = CA6F547A28476F35002093C4 /* SnapKit */; };
		CA6F547E28476F5A002093C4 /* Nuke in Frameworks */ = {isa = PBXBuildFile; productRef = CA6F547D28476F5A002093C4 /* Nuke */; };
		CAC1F771284A773500876160 /* CharacterDetalInfoSection.swift in Sources */ = {isa = PBXBuildFile; fileRef = CAC1F770284A773500876160 /* CharacterDetalInfoSection.swift */; };
		CAC1F774284A77AA00876160 /* CharacterDetalInfoCell.swift in Sources */ = {isa = PBXBuildFile; fileRef = CAC1F773284A77AA00876160 /* CharacterDetalInfoCell.swift */; };
		CAC1F777284DE89600876160 /* CommonNavigationBar.swift in Sources */ = {isa = PBXBuildFile; fileRef = CAC1F776284DE89600876160 /* CommonNavigationBar.swift */; };
		CAC1F77A284E362F00876160 /* CharacterEpisodesCell.swift in Sources */ = {isa = PBXBuildFile; fileRef = CAC1F779284E362F00876160 /* CharacterEpisodesCell.swift */; };
		CAC1F77D284E7E9F00876160 /* Nuke in Frameworks */ = {isa = PBXBuildFile; productRef = CAC1F77C284E7E9F00876160 /* Nuke */; };
		CAC1F780284E7EAF00876160 /* SnapKit in Frameworks */ = {isa = PBXBuildFile; productRef = CAC1F77F284E7EAF00876160 /* SnapKit */; };
/* End PBXBuildFile section */

/* Begin PBXFileReference section */
		CA6F53B02844AB3C002093C4 /* testRickAndMorty.app */ = {isa = PBXFileReference; explicitFileType = wrapper.application; includeInIndex = 0; path = testRickAndMorty.app; sourceTree = BUILT_PRODUCTS_DIR; };
		CA6F53B32844AB3C002093C4 /* AppDelegate.swift */ = {isa = PBXFileReference; lastKnownFileType = sourcecode.swift; path = AppDelegate.swift; sourceTree = "<group>"; };
		CA6F53B52844AB3C002093C4 /* SceneDelegate.swift */ = {isa = PBXFileReference; lastKnownFileType = sourcecode.swift; path = SceneDelegate.swift; sourceTree = "<group>"; };
		CA6F53BA2844AB3C002093C4 /* Base */ = {isa = PBXFileReference; lastKnownFileType = file.storyboard; name = Base; path = Base.lproj/SplashView.storyboard; sourceTree = "<group>"; };
		CA6F53BC2844AB3E002093C4 /* Assets.xcassets */ = {isa = PBXFileReference; lastKnownFileType = folder.assetcatalog; path = Assets.xcassets; sourceTree = "<group>"; };
		CA6F53BF2844AB3E002093C4 /* Base */ = {isa = PBXFileReference; lastKnownFileType = file.storyboard; name = Base; path = Base.lproj/LaunchScreen.storyboard; sourceTree = "<group>"; };
		CA6F53C12844AB3E002093C4 /* Info.plist */ = {isa = PBXFileReference; lastKnownFileType = text.plist.xml; path = Info.plist; sourceTree = "<group>"; };
		CA6F53CA2844AEAF002093C4 /* AllCharactersViewController.swift */ = {isa = PBXFileReference; lastKnownFileType = sourcecode.swift; path = AllCharactersViewController.swift; sourceTree = "<group>"; };
		CA6F53D42844C74D002093C4 /* NamedColors.xcassets */ = {isa = PBXFileReference; lastKnownFileType = folder.assetcatalog; path = NamedColors.xcassets; sourceTree = "<group>"; };
		CA6F53DD2844DE9D002093C4 /* CharacterNetworkService.swift */ = {isa = PBXFileReference; lastKnownFileType = sourcecode.swift; path = CharacterNetworkService.swift; sourceTree = "<group>"; };
		CA6F53DF2844DEB3002093C4 /* CharactersModel.swift */ = {isa = PBXFileReference; lastKnownFileType = sourcecode.swift; path = CharactersModel.swift; sourceTree = "<group>"; };
		CA6F53E32844DF2D002093C4 /* CharacterCell.swift */ = {isa = PBXFileReference; lastKnownFileType = sourcecode.swift; path = CharacterCell.swift; sourceTree = "<group>"; };
		CA6F53E82844E107002093C4 /* NetworkManager.swift */ = {isa = PBXFileReference; lastKnownFileType = sourcecode.swift; path = NetworkManager.swift; sourceTree = "<group>"; };
		CA6F53EA2844E121002093C4 /* NavigationManager.swift */ = {isa = PBXFileReference; lastKnownFileType = sourcecode.swift; path = NavigationManager.swift; sourceTree = "<group>"; };
		CA6F53ED2844F9C0002093C4 /* Endpoint.swift */ = {isa = PBXFileReference; lastKnownFileType = sourcecode.swift; path = Endpoint.swift; sourceTree = "<group>"; };
		CA6F53F528460958002093C4 /* CharacterAssembly.swift */ = {isa = PBXFileReference; lastKnownFileType = sourcecode.swift; path = CharacterAssembly.swift; sourceTree = "<group>"; };
		CA6F53F728460C19002093C4 /* CharacterViewController.swift */ = {isa = PBXFileReference; lastKnownFileType = sourcecode.swift; path = CharacterViewController.swift; sourceTree = "<group>"; };
		CA6F53F928460C3C002093C4 /* CharacterViewProtocol.swift */ = {isa = PBXFileReference; lastKnownFileType = sourcecode.swift; path = CharacterViewProtocol.swift; sourceTree = "<group>"; };
		CA6F53FB28460C85002093C4 /* CharacterRouterProtocol.swift */ = {isa = PBXFileReference; lastKnownFileType = sourcecode.swift; path = CharacterRouterProtocol.swift; sourceTree = "<group>"; };
		CA6F53FD28460CA6002093C4 /* CharacterPresenter.swift */ = {isa = PBXFileReference; lastKnownFileType = sourcecode.swift; path = CharacterPresenter.swift; sourceTree = "<group>"; };
		CA6F53FF28460CB9002093C4 /* CharacterPresenterProtocol.swift */ = {isa = PBXFileReference; lastKnownFileType = sourcecode.swift; path = CharacterPresenterProtocol.swift; sourceTree = "<group>"; };
		CA6F540128460E0B002093C4 /* CharacterViewModel.swift */ = {isa = PBXFileReference; lastKnownFileType = sourcecode.swift; path = CharacterViewModel.swift; sourceTree = "<group>"; };
		CA6F54042846139E002093C4 /* AllCharactersAssemply.swift */ = {isa = PBXFileReference; lastKnownFileType = sourcecode.swift; path = AllCharactersAssemply.swift; sourceTree = "<group>"; };
		CA6F5409284617F0002093C4 /* CharacterCellViewModel.swift */ = {isa = PBXFileReference; lastKnownFileType = sourcecode.swift; path = CharacterCellViewModel.swift; sourceTree = "<group>"; };
		CA6F540B2846180C002093C4 /* AllCharactersViewModel.swift */ = {isa = PBXFileReference; lastKnownFileType = sourcecode.swift; path = AllCharactersViewModel.swift; sourceTree = "<group>"; };
		CA6F541628461E80002093C4 /* LocationsAssembly.swift */ = {isa = PBXFileReference; lastKnownFileType = sourcecode.swift; path = LocationsAssembly.swift; sourceTree = "<group>"; };
		CA6F541828462392002093C4 /* LocationsViewContrioller.swift */ = {isa = PBXFileReference; lastKnownFileType = sourcecode.swift; path = LocationsViewContrioller.swift; sourceTree = "<group>"; };
		CA6F541A284623BA002093C4 /* LocationsViewProtocol.swift */ = {isa = PBXFileReference; lastKnownFileType = sourcecode.swift; path = LocationsViewProtocol.swift; sourceTree = "<group>"; };
		CA6F541C28462817002093C4 /* LocationNetworkService.swift */ = {isa = PBXFileReference; lastKnownFileType = sourcecode.swift; path = LocationNetworkService.swift; sourceTree = "<group>"; };
		CA6F541E28462840002093C4 /* LocationModel.swift */ = {isa = PBXFileReference; lastKnownFileType = sourcecode.swift; path = LocationModel.swift; sourceTree = "<group>"; };
		CA6F542028462927002093C4 /* LocationsRouterProtocol.swift */ = {isa = PBXFileReference; lastKnownFileType = sourcecode.swift; path = LocationsRouterProtocol.swift; sourceTree = "<group>"; };
		CA6F542228462A8D002093C4 /* LocationsPresenter.swift */ = {isa = PBXFileReference; lastKnownFileType = sourcecode.swift; path = LocationsPresenter.swift; sourceTree = "<group>"; };
		CA6F542428462AA4002093C4 /* LocationsPresenterProtocol.swift */ = {isa = PBXFileReference; lastKnownFileType = sourcecode.swift; path = LocationsPresenterProtocol.swift; sourceTree = "<group>"; };
		CA6F542628462C28002093C4 /* LocationsViewModel.swift */ = {isa = PBXFileReference; lastKnownFileType = sourcecode.swift; path = LocationsViewModel.swift; sourceTree = "<group>"; };
		CA6F542928462C94002093C4 /* EpisodesNetworkService.swift */ = {isa = PBXFileReference; lastKnownFileType = sourcecode.swift; path = EpisodesNetworkService.swift; sourceTree = "<group>"; };
		CA6F542B28462CF3002093C4 /* EpisodesModel.swift */ = {isa = PBXFileReference; lastKnownFileType = sourcecode.swift; path = EpisodesModel.swift; sourceTree = "<group>"; };
		CA6F542D28462E2A002093C4 /* EpisodesAssembly.swift */ = {isa = PBXFileReference; lastKnownFileType = sourcecode.swift; path = EpisodesAssembly.swift; sourceTree = "<group>"; };
		CA6F542F28462E42002093C4 /* EpisodesViewModel.swift */ = {isa = PBXFileReference; lastKnownFileType = sourcecode.swift; path = EpisodesViewModel.swift; sourceTree = "<group>"; };
		CA6F543128462E59002093C4 /* EpisodesViewController.swift */ = {isa = PBXFileReference; lastKnownFileType = sourcecode.swift; path = EpisodesViewController.swift; sourceTree = "<group>"; };
		CA6F543328462E6C002093C4 /* EpisodesViewProtocol.swift */ = {isa = PBXFileReference; lastKnownFileType = sourcecode.swift; path = EpisodesViewProtocol.swift; sourceTree = "<group>"; };
		CA6F543528462E86002093C4 /* EpisodesRoterProtocol.swift */ = {isa = PBXFileReference; lastKnownFileType = sourcecode.swift; path = EpisodesRoterProtocol.swift; sourceTree = "<group>"; };
		CA6F543728462E99002093C4 /* EpisodesPresenter.swift */ = {isa = PBXFileReference; lastKnownFileType = sourcecode.swift; path = EpisodesPresenter.swift; sourceTree = "<group>"; };
		CA6F543928462EAC002093C4 /* EpisodesPresenterProtocol.swift */ = {isa = PBXFileReference; lastKnownFileType = sourcecode.swift; path = EpisodesPresenterProtocol.swift; sourceTree = "<group>"; };
		CA6F543B2846549B002093C4 /* AllCharactersPresenter.swift */ = {isa = PBXFileReference; lastKnownFileType = sourcecode.swift; path = AllCharactersPresenter.swift; sourceTree = "<group>"; };
		CA6F543D284654B5002093C4 /* AllCharactersPresenterProtocol.swift */ = {isa = PBXFileReference; lastKnownFileType = sourcecode.swift; path = AllCharactersPresenterProtocol.swift; sourceTree = "<group>"; };
		CA6F543F284654CF002093C4 /* AllCharactersRouterProtocol.swift */ = {isa = PBXFileReference; lastKnownFileType = sourcecode.swift; path = AllCharactersRouterProtocol.swift; sourceTree = "<group>"; };
		CA6F5441284654F7002093C4 /* AllCharactersViewProtocol.swift */ = {isa = PBXFileReference; lastKnownFileType = sourcecode.swift; path = AllCharactersViewProtocol.swift; sourceTree = "<group>"; };
		CA6F54432846563E002093C4 /* InterfaceStrings.swift */ = {isa = PBXFileReference; lastKnownFileType = sourcecode.swift; path = InterfaceStrings.swift; sourceTree = "<group>"; };
		CA6F544528465BF1002093C4 /* Images.swift */ = {isa = PBXFileReference; lastKnownFileType = sourcecode.swift; path = Images.swift; sourceTree = "<group>"; };
		CA6F544A284663AD002093C4 /* SplashViewAssembly.swift */ = {isa = PBXFileReference; lastKnownFileType = sourcecode.swift; path = SplashViewAssembly.swift; sourceTree = "<group>"; };
		CA6F544C284665B5002093C4 /* SplashPresenterProtocol.swift */ = {isa = PBXFileReference; lastKnownFileType = sourcecode.swift; path = SplashPresenterProtocol.swift; sourceTree = "<group>"; };
		CA6F544E284665CC002093C4 /* SplashPresenter.swift */ = {isa = PBXFileReference; lastKnownFileType = sourcecode.swift; path = SplashPresenter.swift; sourceTree = "<group>"; };
		CA6F5450284665EF002093C4 /* SplashViewController.swift */ = {isa = PBXFileReference; lastKnownFileType = sourcecode.swift; path = SplashViewController.swift; sourceTree = "<group>"; };
		CA6F545228466601002093C4 /* SplashRouterProtocol.swift */ = {isa = PBXFileReference; lastKnownFileType = sourcecode.swift; path = SplashRouterProtocol.swift; sourceTree = "<group>"; };
		CA6F545428466615002093C4 /* SplashViewProtocol.swift */ = {isa = PBXFileReference; lastKnownFileType = sourcecode.swift; path = SplashViewProtocol.swift; sourceTree = "<group>"; };
		CA6F54562846675F002093C4 /* Colors.swift */ = {isa = PBXFileReference; lastKnownFileType = sourcecode.swift; path = Colors.swift; sourceTree = "<group>"; };
		CA6F54582846695B002093C4 /* UIViewController+Portal.swift */ = {isa = PBXFileReference; lastKnownFileType = sourcecode.swift; path = "UIViewController+Portal.swift"; sourceTree = "<group>"; };
		CAC1F770284A773500876160 /* CharacterDetalInfoSection.swift */ = {isa = PBXFileReference; lastKnownFileType = sourcecode.swift; path = CharacterDetalInfoSection.swift; sourceTree = "<group>"; };
		CAC1F773284A77AA00876160 /* CharacterDetalInfoCell.swift */ = {isa = PBXFileReference; lastKnownFileType = sourcecode.swift; path = CharacterDetalInfoCell.swift; sourceTree = "<group>"; };
		CAC1F776284DE89600876160 /* CommonNavigationBar.swift */ = {isa = PBXFileReference; lastKnownFileType = sourcecode.swift; path = CommonNavigationBar.swift; sourceTree = "<group>"; };
		CAC1F779284E362F00876160 /* CharacterEpisodesCell.swift */ = {isa = PBXFileReference; lastKnownFileType = sourcecode.swift; path = CharacterEpisodesCell.swift; sourceTree = "<group>"; };
/* End PBXFileReference section */

/* Begin PBXFrameworksBuildPhase section */
		CA6F53AD2844AB3C002093C4 /* Frameworks */ = {
			isa = PBXFrameworksBuildPhase;
			buildActionMask = 2147483647;
			files = (
				CAC1F77D284E7E9F00876160 /* Nuke in Frameworks */,
				CAC1F780284E7EAF00876160 /* SnapKit in Frameworks */,
				CA6F547B28476F35002093C4 /* SnapKit in Frameworks */,
				CA6F547E28476F5A002093C4 /* Nuke in Frameworks */,
			);
			runOnlyForDeploymentPostprocessing = 0;
		};
/* End PBXFrameworksBuildPhase section */

/* Begin PBXGroup section */
		CA6F53A72844AB3C002093C4 = {
			isa = PBXGroup;
			children = (
				CA6F53B22844AB3C002093C4 /* testRickAndMorty */,
				CA6F53B12844AB3C002093C4 /* Products */,
			);
			sourceTree = "<group>";
		};
		CA6F53B12844AB3C002093C4 /* Products */ = {
			isa = PBXGroup;
			children = (
				CA6F53B02844AB3C002093C4 /* testRickAndMorty.app */,
			);
			name = Products;
			sourceTree = "<group>";
		};
		CA6F53B22844AB3C002093C4 /* testRickAndMorty */ = {
			isa = PBXGroup;
			children = (
				CAC1F775284DE87300876160 /* Views */,
				CA6F53B32844AB3C002093C4 /* AppDelegate.swift */,
				CA6F53B52844AB3C002093C4 /* SceneDelegate.swift */,
				CA6F53C72844AE03002093C4 /* Modules */,
				CA6F53E12844DEE1002093C4 /* ReusableViews */,
				CA6F53DA2844DDF9002093C4 /* NetworkServices */,
				CA6F53D82844DDD4002093C4 /* Managers */,
				CA6F53EC2844F999002093C4 /* Classes */,
				CA6F53E72844E0C7002093C4 /* Resourses */,
				CA6F545A28466961002093C4 /* Extentions */,
			);
			path = testRickAndMorty;
			sourceTree = "<group>";
		};
		CA6F53C72844AE03002093C4 /* Modules */ = {
			isa = PBXGroup;
			children = (
				CA6F540D28461BA2002093C4 /* Locations */,
				CA6F54062846157C002093C4 /* Episodes */,
				CA6F53F028460582002093C4 /* Character */,
				CA6F53D62844DDBA002093C4 /* SplashView */,
				CA6F53C82844AE2D002093C4 /* AllCharacters */,
			);
			path = Modules;
			sourceTree = "<group>";
		};
		CA6F53C82844AE2D002093C4 /* AllCharacters */ = {
			isa = PBXGroup;
			children = (
				CA6F540328461330002093C4 /* Assembly */,
				CA6F540728461643002093C4 /* Presenter */,
				CA6F53C92844AE94002093C4 /* View */,
				CA6F54082846165E002093C4 /* ViewModel */,
			);
			path = AllCharacters;
			sourceTree = "<group>";
		};
		CA6F53C92844AE94002093C4 /* View */ = {
			isa = PBXGroup;
			children = (
				CA6F53CA2844AEAF002093C4 /* AllCharactersViewController.swift */,
				CA6F5441284654F7002093C4 /* AllCharactersViewProtocol.swift */,
				CA6F543F284654CF002093C4 /* AllCharactersRouterProtocol.swift */,
			);
			path = View;
			sourceTree = "<group>";
		};
		CA6F53CE2844C098002093C4 /* Colors */ = {
			isa = PBXGroup;
			children = (
				CA6F53D42844C74D002093C4 /* NamedColors.xcassets */,
				CA6F54562846675F002093C4 /* Colors.swift */,
			);
			path = Colors;
			sourceTree = "<group>";
		};
		CA6F53D62844DDBA002093C4 /* SplashView */ = {
			isa = PBXGroup;
			children = (
				CA6F544928466378002093C4 /* Assembly */,
				CA6F544828466371002093C4 /* Presenter */,
				CA6F544728466368002093C4 /* View */,
				CA6F53D72844DDC8002093C4 /* Interface */,
			);
			path = SplashView;
			sourceTree = "<group>";
		};
		CA6F53D72844DDC8002093C4 /* Interface */ = {
			isa = PBXGroup;
			children = (
				CA6F53B92844AB3C002093C4 /* SplashView.storyboard */,
			);
			path = Interface;
			sourceTree = "<group>";
		};
		CA6F53D82844DDD4002093C4 /* Managers */ = {
			isa = PBXGroup;
			children = (
				CA6F53E82844E107002093C4 /* NetworkManager.swift */,
				CA6F53EA2844E121002093C4 /* NavigationManager.swift */,
			);
			path = Managers;
			sourceTree = "<group>";
		};
		CA6F53D92844DDE6002093C4 /* Images */ = {
			isa = PBXGroup;
			children = (
				CA6F53BC2844AB3E002093C4 /* Assets.xcassets */,
				CA6F544528465BF1002093C4 /* Images.swift */,
			);
			path = Images;
			sourceTree = "<group>";
		};
		CA6F53DA2844DDF9002093C4 /* NetworkServices */ = {
			isa = PBXGroup;
			children = (
				CA6F542828462C76002093C4 /* EpisodesNetworkService */,
				CA6F53DC2844DE4F002093C4 /* LocationNetworkService */,
				CA6F53DB2844DE14002093C4 /* CharacterNetvorkService */,
			);
			path = NetworkServices;
			sourceTree = "<group>";
		};
		CA6F53DB2844DE14002093C4 /* CharacterNetvorkService */ = {
			isa = PBXGroup;
			children = (
				CA6F53DD2844DE9D002093C4 /* CharacterNetworkService.swift */,
				CA6F53DF2844DEB3002093C4 /* CharactersModel.swift */,
			);
			path = CharacterNetvorkService;
			sourceTree = "<group>";
		};
		CA6F53DC2844DE4F002093C4 /* LocationNetworkService */ = {
			isa = PBXGroup;
			children = (
				CA6F541C28462817002093C4 /* LocationNetworkService.swift */,
				CA6F541E28462840002093C4 /* LocationModel.swift */,
			);
			path = LocationNetworkService;
			sourceTree = "<group>";
		};
		CA6F53E12844DEE1002093C4 /* ReusableViews */ = {
			isa = PBXGroup;
			children = (
				CAC1F778284E35FC00876160 /* CharacterEpisodesCell */,
				CAC1F772284A779B00876160 /* CharacterDetalInfoCell */,
				CAC1F76F284A76CE00876160 /* CharacterDetalInfoSection */,
				CA6F53E22844DEF9002093C4 /* CharacterViewCell */,
			);
			path = ReusableViews;
			sourceTree = "<group>";
		};
		CA6F53E22844DEF9002093C4 /* CharacterViewCell */ = {
			isa = PBXGroup;
			children = (
				CA6F53E32844DF2D002093C4 /* CharacterCell.swift */,
				CA6F5409284617F0002093C4 /* CharacterCellViewModel.swift */,
			);
			path = CharacterViewCell;
			sourceTree = "<group>";
		};
		CA6F53E72844E0C7002093C4 /* Resourses */ = {
			isa = PBXGroup;
			children = (
				CA6F53BE2844AB3E002093C4 /* LaunchScreen.storyboard */,
				CA6F53C12844AB3E002093C4 /* Info.plist */,
				CA6F53CE2844C098002093C4 /* Colors */,
				CA6F53D92844DDE6002093C4 /* Images */,
			);
			path = Resourses;
			sourceTree = "<group>";
		};
		CA6F53EC2844F999002093C4 /* Classes */ = {
			isa = PBXGroup;
			children = (
				CA6F53ED2844F9C0002093C4 /* Endpoint.swift */,
				CA6F54432846563E002093C4 /* InterfaceStrings.swift */,
			);
			path = Classes;
			sourceTree = "<group>";
		};
		CA6F53F028460582002093C4 /* Character */ = {
			isa = PBXGroup;
			children = (
				CA6F53F3284605C0002093C4 /* Assembly */,
				CA6F53F1284605A7002093C4 /* Presenter */,
				CA6F53F2284605B6002093C4 /* View */,
				CA6F53F4284605DD002093C4 /* Model */,
			);
			path = Character;
			sourceTree = "<group>";
		};
		CA6F53F1284605A7002093C4 /* Presenter */ = {
			isa = PBXGroup;
			children = (
				CA6F53FD28460CA6002093C4 /* CharacterPresenter.swift */,
				CA6F53FF28460CB9002093C4 /* CharacterPresenterProtocol.swift */,
			);
			path = Presenter;
			sourceTree = "<group>";
		};
		CA6F53F2284605B6002093C4 /* View */ = {
			isa = PBXGroup;
			children = (
				CA6F53F728460C19002093C4 /* CharacterViewController.swift */,
				CA6F53F928460C3C002093C4 /* CharacterViewProtocol.swift */,
				CA6F53FB28460C85002093C4 /* CharacterRouterProtocol.swift */,
			);
			path = View;
			sourceTree = "<group>";
		};
		CA6F53F3284605C0002093C4 /* Assembly */ = {
			isa = PBXGroup;
			children = (
				CA6F53F528460958002093C4 /* CharacterAssembly.swift */,
			);
			path = Assembly;
			sourceTree = "<group>";
		};
		CA6F53F4284605DD002093C4 /* Model */ = {
			isa = PBXGroup;
			children = (
				CA6F540128460E0B002093C4 /* CharacterViewModel.swift */,
			);
			path = Model;
			sourceTree = "<group>";
		};
		CA6F540328461330002093C4 /* Assembly */ = {
			isa = PBXGroup;
			children = (
				CA6F54042846139E002093C4 /* AllCharactersAssemply.swift */,
			);
			path = Assembly;
			sourceTree = "<group>";
		};
		CA6F54062846157C002093C4 /* Episodes */ = {
			isa = PBXGroup;
			children = (
				CA6F541528461DE2002093C4 /* Assembly */,
				CA6F541428461DDF002093C4 /* Presenter */,
				CA6F541328461DDC002093C4 /* View */,
				CA6F541228461DD9002093C4 /* Model */,
			);
			path = Episodes;
			sourceTree = "<group>";
		};
		CA6F540728461643002093C4 /* Presenter */ = {
			isa = PBXGroup;
			children = (
				CA6F543B2846549B002093C4 /* AllCharactersPresenter.swift */,
				CA6F543D284654B5002093C4 /* AllCharactersPresenterProtocol.swift */,
			);
			path = Presenter;
			sourceTree = "<group>";
		};
		CA6F54082846165E002093C4 /* ViewModel */ = {
			isa = PBXGroup;
			children = (
				CA6F540B2846180C002093C4 /* AllCharactersViewModel.swift */,
			);
			path = ViewModel;
			sourceTree = "<group>";
		};
		CA6F540D28461BA2002093C4 /* Locations */ = {
			isa = PBXGroup;
			children = (
				CA6F541128461D92002093C4 /* Assembly */,
				CA6F541028461D8B002093C4 /* Presenter */,
				CA6F540F28461D85002093C4 /* View */,
				CA6F540E28461D36002093C4 /* Model */,
			);
			path = Locations;
			sourceTree = "<group>";
		};
		CA6F540E28461D36002093C4 /* Model */ = {
			isa = PBXGroup;
			children = (
				CA6F542628462C28002093C4 /* LocationsViewModel.swift */,
			);
			path = Model;
			sourceTree = "<group>";
		};
		CA6F540F28461D85002093C4 /* View */ = {
			isa = PBXGroup;
			children = (
				CA6F541828462392002093C4 /* LocationsViewContrioller.swift */,
				CA6F541A284623BA002093C4 /* LocationsViewProtocol.swift */,
				CA6F542028462927002093C4 /* LocationsRouterProtocol.swift */,
			);
			path = View;
			sourceTree = "<group>";
		};
		CA6F541028461D8B002093C4 /* Presenter */ = {
			isa = PBXGroup;
			children = (
				CA6F542228462A8D002093C4 /* LocationsPresenter.swift */,
				CA6F542428462AA4002093C4 /* LocationsPresenterProtocol.swift */,
			);
			path = Presenter;
			sourceTree = "<group>";
		};
		CA6F541128461D92002093C4 /* Assembly */ = {
			isa = PBXGroup;
			children = (
				CA6F541628461E80002093C4 /* LocationsAssembly.swift */,
			);
			path = Assembly;
			sourceTree = "<group>";
		};
		CA6F541228461DD9002093C4 /* Model */ = {
			isa = PBXGroup;
			children = (
				CA6F542F28462E42002093C4 /* EpisodesViewModel.swift */,
			);
			path = Model;
			sourceTree = "<group>";
		};
		CA6F541328461DDC002093C4 /* View */ = {
			isa = PBXGroup;
			children = (
				CA6F543128462E59002093C4 /* EpisodesViewController.swift */,
				CA6F543328462E6C002093C4 /* EpisodesViewProtocol.swift */,
				CA6F543528462E86002093C4 /* EpisodesRoterProtocol.swift */,
			);
			path = View;
			sourceTree = "<group>";
		};
		CA6F541428461DDF002093C4 /* Presenter */ = {
			isa = PBXGroup;
			children = (
				CA6F543728462E99002093C4 /* EpisodesPresenter.swift */,
				CA6F543928462EAC002093C4 /* EpisodesPresenterProtocol.swift */,
			);
			path = Presenter;
			sourceTree = "<group>";
		};
		CA6F541528461DE2002093C4 /* Assembly */ = {
			isa = PBXGroup;
			children = (
				CA6F542D28462E2A002093C4 /* EpisodesAssembly.swift */,
			);
			path = Assembly;
			sourceTree = "<group>";
		};
		CA6F542828462C76002093C4 /* EpisodesNetworkService */ = {
			isa = PBXGroup;
			children = (
				CA6F542928462C94002093C4 /* EpisodesNetworkService.swift */,
				CA6F542B28462CF3002093C4 /* EpisodesModel.swift */,
			);
			path = EpisodesNetworkService;
			sourceTree = "<group>";
		};
		CA6F544728466368002093C4 /* View */ = {
			isa = PBXGroup;
			children = (
				CA6F5450284665EF002093C4 /* SplashViewController.swift */,
				CA6F545228466601002093C4 /* SplashRouterProtocol.swift */,
				CA6F545428466615002093C4 /* SplashViewProtocol.swift */,
			);
			path = View;
			sourceTree = "<group>";
		};
		CA6F544828466371002093C4 /* Presenter */ = {
			isa = PBXGroup;
			children = (
				CA6F544C284665B5002093C4 /* SplashPresenterProtocol.swift */,
				CA6F544E284665CC002093C4 /* SplashPresenter.swift */,
			);
			path = Presenter;
			sourceTree = "<group>";
		};
		CA6F544928466378002093C4 /* Assembly */ = {
			isa = PBXGroup;
			children = (
				CA6F544A284663AD002093C4 /* SplashViewAssembly.swift */,
			);
			path = Assembly;
			sourceTree = "<group>";
		};
		CA6F545A28466961002093C4 /* Extentions */ = {
			isa = PBXGroup;
			children = (
				CA6F54582846695B002093C4 /* UIViewController+Portal.swift */,
			);
			path = Extentions;
			sourceTree = "<group>";
		};
		CAC1F76F284A76CE00876160 /* CharacterDetalInfoSection */ = {
			isa = PBXGroup;
			children = (
				CAC1F770284A773500876160 /* CharacterDetalInfoSection.swift */,
			);
			path = CharacterDetalInfoSection;
			sourceTree = "<group>";
		};
		CAC1F772284A779B00876160 /* CharacterDetalInfoCell */ = {
			isa = PBXGroup;
			children = (
				CAC1F773284A77AA00876160 /* CharacterDetalInfoCell.swift */,
			);
			path = CharacterDetalInfoCell;
			sourceTree = "<group>";
		};
		CAC1F775284DE87300876160 /* Views */ = {
			isa = PBXGroup;
			children = (
				CAC1F776284DE89600876160 /* CommonNavigationBar.swift */,
			);
			path = Views;
			sourceTree = "<group>";
		};
		CAC1F778284E35FC00876160 /* CharacterEpisodesCell */ = {
			isa = PBXGroup;
			children = (
				CAC1F779284E362F00876160 /* CharacterEpisodesCell.swift */,
			);
			path = CharacterEpisodesCell;
			sourceTree = "<group>";
		};
/* End PBXGroup section */

/* Begin PBXNativeTarget section */
		CA6F53AF2844AB3C002093C4 /* testRickAndMorty */ = {
			isa = PBXNativeTarget;
			buildConfigurationList = CA6F53C42844AB3E002093C4 /* Build configuration list for PBXNativeTarget "testRickAndMorty" */;
			buildPhases = (
				CA6F53AC2844AB3C002093C4 /* Sources */,
				CA6F53AD2844AB3C002093C4 /* Frameworks */,
				CA6F53AE2844AB3C002093C4 /* Resources */,
			);
			buildRules = (
			);
			dependencies = (
			);
			name = testRickAndMorty;
			packageProductDependencies = (
				CA6F547A28476F35002093C4 /* SnapKit */,
				CA6F547D28476F5A002093C4 /* Nuke */,
				CAC1F77C284E7E9F00876160 /* Nuke */,
				CAC1F77F284E7EAF00876160 /* SnapKit */,
			);
			productName = testRickAndMorty;
			productReference = CA6F53B02844AB3C002093C4 /* testRickAndMorty.app */;
			productType = "com.apple.product-type.application";
		};
/* End PBXNativeTarget section */

/* Begin PBXProject section */
		CA6F53A82844AB3C002093C4 /* Project object */ = {
			isa = PBXProject;
			attributes = {
				BuildIndependentTargetsInParallel = 1;
				LastSwiftUpdateCheck = 1340;
				LastUpgradeCheck = 1340;
				TargetAttributes = {
					CA6F53AF2844AB3C002093C4 = {
						CreatedOnToolsVersion = 13.4;
					};
				};
			};
			buildConfigurationList = CA6F53AB2844AB3C002093C4 /* Build configuration list for PBXProject "testRickAndMorty" */;
			compatibilityVersion = "Xcode 13.0";
			developmentRegion = en;
			hasScannedForEncodings = 0;
			knownRegions = (
				en,
				Base,
			);
			mainGroup = CA6F53A72844AB3C002093C4;
			packageReferences = (
				CA6F547928476F35002093C4 /* XCRemoteSwiftPackageReference "SnapKit" */,
				CA6F547C28476F5A002093C4 /* XCRemoteSwiftPackageReference "Nuke" */,
				CAC1F77B284E7E9F00876160 /* XCRemoteSwiftPackageReference "Nuke" */,
				CAC1F77E284E7EAF00876160 /* XCRemoteSwiftPackageReference "SnapKit" */,
			);
			productRefGroup = CA6F53B12844AB3C002093C4 /* Products */;
			projectDirPath = "";
			projectRoot = "";
			targets = (
				CA6F53AF2844AB3C002093C4 /* testRickAndMorty */,
			);
		};
/* End PBXProject section */

/* Begin PBXResourcesBuildPhase section */
		CA6F53AE2844AB3C002093C4 /* Resources */ = {
			isa = PBXResourcesBuildPhase;
			buildActionMask = 2147483647;
			files = (
				CA6F53C02844AB3E002093C4 /* LaunchScreen.storyboard in Resources */,
				CA6F53BD2844AB3E002093C4 /* Assets.xcassets in Resources */,
				CA6F53BB2844AB3C002093C4 /* SplashView.storyboard in Resources */,
				CA6F53D52844C74D002093C4 /* NamedColors.xcassets in Resources */,
			);
			runOnlyForDeploymentPostprocessing = 0;
		};
/* End PBXResourcesBuildPhase section */

/* Begin PBXSourcesBuildPhase section */
		CA6F53AC2844AB3C002093C4 /* Sources */ = {
			isa = PBXSourcesBuildPhase;
			buildActionMask = 2147483647;
			files = (
				CA6F542728462C28002093C4 /* LocationsViewModel.swift in Sources */,
				CA6F53F828460C19002093C4 /* CharacterViewController.swift in Sources */,
				CA6F542128462927002093C4 /* LocationsRouterProtocol.swift in Sources */,
				CA6F542E28462E2A002093C4 /* EpisodesAssembly.swift in Sources */,
				CA6F542C28462CF3002093C4 /* EpisodesModel.swift in Sources */,
				CA6F53FC28460C85002093C4 /* CharacterRouterProtocol.swift in Sources */,
				CA6F541928462392002093C4 /* LocationsViewContrioller.swift in Sources */,
				CA6F541B284623BA002093C4 /* LocationsViewProtocol.swift in Sources */,
				CA6F54592846695B002093C4 /* UIViewController+Portal.swift in Sources */,
				CA6F5440284654CF002093C4 /* AllCharactersRouterProtocol.swift in Sources */,
				CA6F544F284665CC002093C4 /* SplashPresenter.swift in Sources */,
				CA6F543C2846549B002093C4 /* AllCharactersPresenter.swift in Sources */,
				CA6F53E52844DF2D002093C4 /* CharacterCell.swift in Sources */,
				CA6F540028460CB9002093C4 /* CharacterPresenterProtocol.swift in Sources */,
				CA6F543828462E99002093C4 /* EpisodesPresenter.swift in Sources */,
				CA6F540A284617F0002093C4 /* CharacterCellViewModel.swift in Sources */,
				CA6F5442284654F7002093C4 /* AllCharactersViewProtocol.swift in Sources */,
				CA6F545528466615002093C4 /* SplashViewProtocol.swift in Sources */,
				CA6F540C2846180C002093C4 /* AllCharactersViewModel.swift in Sources */,
				CAC1F77A284E362F00876160 /* CharacterEpisodesCell.swift in Sources */,
				CA6F54442846563E002093C4 /* InterfaceStrings.swift in Sources */,
				CA6F53EE2844F9C0002093C4 /* Endpoint.swift in Sources */,
				CA6F53DE2844DE9D002093C4 /* CharacterNetworkService.swift in Sources */,
				CA6F53CB2844AEAF002093C4 /* AllCharactersViewController.swift in Sources */,
				CA6F53FE28460CA7002093C4 /* CharacterPresenter.swift in Sources */,
				CA6F544B284663AD002093C4 /* SplashViewAssembly.swift in Sources */,
				CA6F541728461E80002093C4 /* LocationsAssembly.swift in Sources */,
				CA6F53E92844E107002093C4 /* NetworkManager.swift in Sources */,
				CA6F54052846139E002093C4 /* AllCharactersAssemply.swift in Sources */,
				CA6F542A28462C94002093C4 /* EpisodesNetworkService.swift in Sources */,
				CA6F541D28462817002093C4 /* LocationNetworkService.swift in Sources */,
				CAC1F771284A773500876160 /* CharacterDetalInfoSection.swift in Sources */,
				CA6F543228462E59002093C4 /* EpisodesViewController.swift in Sources */,
				CA6F541F28462840002093C4 /* LocationModel.swift in Sources */,
				CA6F54572846675F002093C4 /* Colors.swift in Sources */,
				CA6F544628465BF1002093C4 /* Images.swift in Sources */,
				CA6F53B42844AB3C002093C4 /* AppDelegate.swift in Sources */,
				CAC1F777284DE89600876160 /* CommonNavigationBar.swift in Sources */,
				CAC1F774284A77AA00876160 /* CharacterDetalInfoCell.swift in Sources */,
				CA6F543428462E6C002093C4 /* EpisodesViewProtocol.swift in Sources */,
				CA6F53EB2844E121002093C4 /* NavigationManager.swift in Sources */,
				CA6F53F628460958002093C4 /* CharacterAssembly.swift in Sources */,
				CA6F545328466601002093C4 /* SplashRouterProtocol.swift in Sources */,
				CA6F543A28462EAC002093C4 /* EpisodesPresenterProtocol.swift in Sources */,
				CA6F543E284654B5002093C4 /* AllCharactersPresenterProtocol.swift in Sources */,
				CA6F543628462E86002093C4 /* EpisodesRoterProtocol.swift in Sources */,
				CA6F540228460E0B002093C4 /* CharacterViewModel.swift in Sources */,
				CA6F543028462E42002093C4 /* EpisodesViewModel.swift in Sources */,
				CA6F53E02844DEB3002093C4 /* CharactersModel.swift in Sources */,
				CA6F5451284665EF002093C4 /* SplashViewController.swift in Sources */,
				CA6F542528462AA4002093C4 /* LocationsPresenterProtocol.swift in Sources */,
				CA6F542328462A8D002093C4 /* LocationsPresenter.swift in Sources */,
				CA6F53FA28460C3C002093C4 /* CharacterViewProtocol.swift in Sources */,
				CA6F544D284665B5002093C4 /* SplashPresenterProtocol.swift in Sources */,
				CA6F53B62844AB3C002093C4 /* SceneDelegate.swift in Sources */,
			);
			runOnlyForDeploymentPostprocessing = 0;
		};
/* End PBXSourcesBuildPhase section */

/* Begin PBXVariantGroup section */
		CA6F53B92844AB3C002093C4 /* SplashView.storyboard */ = {
			isa = PBXVariantGroup;
			children = (
				CA6F53BA2844AB3C002093C4 /* Base */,
			);
			name = SplashView.storyboard;
			sourceTree = "<group>";
		};
		CA6F53BE2844AB3E002093C4 /* LaunchScreen.storyboard */ = {
			isa = PBXVariantGroup;
			children = (
				CA6F53BF2844AB3E002093C4 /* Base */,
			);
			name = LaunchScreen.storyboard;
			sourceTree = "<group>";
		};
/* End PBXVariantGroup section */

/* Begin XCBuildConfiguration section */
		CA6F53C22844AB3E002093C4 /* Debug */ = {
			isa = XCBuildConfiguration;
			buildSettings = {
				ALWAYS_SEARCH_USER_PATHS = NO;
				CLANG_ANALYZER_NONNULL = YES;
				CLANG_ANALYZER_NUMBER_OBJECT_CONVERSION = YES_AGGRESSIVE;
				CLANG_CXX_LANGUAGE_STANDARD = "gnu++17";
				CLANG_ENABLE_MODULES = YES;
				CLANG_ENABLE_OBJC_ARC = YES;
				CLANG_ENABLE_OBJC_WEAK = YES;
				CLANG_WARN_BLOCK_CAPTURE_AUTORELEASING = YES;
				CLANG_WARN_BOOL_CONVERSION = YES;
				CLANG_WARN_COMMA = YES;
				CLANG_WARN_CONSTANT_CONVERSION = YES;
				CLANG_WARN_DEPRECATED_OBJC_IMPLEMENTATIONS = YES;
				CLANG_WARN_DIRECT_OBJC_ISA_USAGE = YES_ERROR;
				CLANG_WARN_DOCUMENTATION_COMMENTS = YES;
				CLANG_WARN_EMPTY_BODY = YES;
				CLANG_WARN_ENUM_CONVERSION = YES;
				CLANG_WARN_INFINITE_RECURSION = YES;
				CLANG_WARN_INT_CONVERSION = YES;
				CLANG_WARN_NON_LITERAL_NULL_CONVERSION = YES;
				CLANG_WARN_OBJC_IMPLICIT_RETAIN_SELF = YES;
				CLANG_WARN_OBJC_LITERAL_CONVERSION = YES;
				CLANG_WARN_OBJC_ROOT_CLASS = YES_ERROR;
				CLANG_WARN_QUOTED_INCLUDE_IN_FRAMEWORK_HEADER = YES;
				CLANG_WARN_RANGE_LOOP_ANALYSIS = YES;
				CLANG_WARN_STRICT_PROTOTYPES = YES;
				CLANG_WARN_SUSPICIOUS_MOVE = YES;
				CLANG_WARN_UNGUARDED_AVAILABILITY = YES_AGGRESSIVE;
				CLANG_WARN_UNREACHABLE_CODE = YES;
				CLANG_WARN__DUPLICATE_METHOD_MATCH = YES;
				COPY_PHASE_STRIP = NO;
				DEBUG_INFORMATION_FORMAT = dwarf;
				ENABLE_STRICT_OBJC_MSGSEND = YES;
				ENABLE_TESTABILITY = YES;
				GCC_C_LANGUAGE_STANDARD = gnu11;
				GCC_DYNAMIC_NO_PIC = NO;
				GCC_NO_COMMON_BLOCKS = YES;
				GCC_OPTIMIZATION_LEVEL = 0;
				GCC_PREPROCESSOR_DEFINITIONS = (
					"DEBUG=1",
					"$(inherited)",
				);
				GCC_WARN_64_TO_32_BIT_CONVERSION = YES;
				GCC_WARN_ABOUT_RETURN_TYPE = YES_ERROR;
				GCC_WARN_UNDECLARED_SELECTOR = YES;
				GCC_WARN_UNINITIALIZED_AUTOS = YES_AGGRESSIVE;
				GCC_WARN_UNUSED_FUNCTION = YES;
				GCC_WARN_UNUSED_VARIABLE = YES;
				IPHONEOS_DEPLOYMENT_TARGET = 13.3;
				MTL_ENABLE_DEBUG_INFO = INCLUDE_SOURCE;
				MTL_FAST_MATH = YES;
				ONLY_ACTIVE_ARCH = YES;
				SDKROOT = iphoneos;
				SWIFT_ACTIVE_COMPILATION_CONDITIONS = DEBUG;
				SWIFT_OPTIMIZATION_LEVEL = "-Onone";
			};
			name = Debug;
		};
		CA6F53C32844AB3E002093C4 /* Release */ = {
			isa = XCBuildConfiguration;
			buildSettings = {
				ALWAYS_SEARCH_USER_PATHS = NO;
				CLANG_ANALYZER_NONNULL = YES;
				CLANG_ANALYZER_NUMBER_OBJECT_CONVERSION = YES_AGGRESSIVE;
				CLANG_CXX_LANGUAGE_STANDARD = "gnu++17";
				CLANG_ENABLE_MODULES = YES;
				CLANG_ENABLE_OBJC_ARC = YES;
				CLANG_ENABLE_OBJC_WEAK = YES;
				CLANG_WARN_BLOCK_CAPTURE_AUTORELEASING = YES;
				CLANG_WARN_BOOL_CONVERSION = YES;
				CLANG_WARN_COMMA = YES;
				CLANG_WARN_CONSTANT_CONVERSION = YES;
				CLANG_WARN_DEPRECATED_OBJC_IMPLEMENTATIONS = YES;
				CLANG_WARN_DIRECT_OBJC_ISA_USAGE = YES_ERROR;
				CLANG_WARN_DOCUMENTATION_COMMENTS = YES;
				CLANG_WARN_EMPTY_BODY = YES;
				CLANG_WARN_ENUM_CONVERSION = YES;
				CLANG_WARN_INFINITE_RECURSION = YES;
				CLANG_WARN_INT_CONVERSION = YES;
				CLANG_WARN_NON_LITERAL_NULL_CONVERSION = YES;
				CLANG_WARN_OBJC_IMPLICIT_RETAIN_SELF = YES;
				CLANG_WARN_OBJC_LITERAL_CONVERSION = YES;
				CLANG_WARN_OBJC_ROOT_CLASS = YES_ERROR;
				CLANG_WARN_QUOTED_INCLUDE_IN_FRAMEWORK_HEADER = YES;
				CLANG_WARN_RANGE_LOOP_ANALYSIS = YES;
				CLANG_WARN_STRICT_PROTOTYPES = YES;
				CLANG_WARN_SUSPICIOUS_MOVE = YES;
				CLANG_WARN_UNGUARDED_AVAILABILITY = YES_AGGRESSIVE;
				CLANG_WARN_UNREACHABLE_CODE = YES;
				CLANG_WARN__DUPLICATE_METHOD_MATCH = YES;
				COPY_PHASE_STRIP = NO;
				DEBUG_INFORMATION_FORMAT = "dwarf-with-dsym";
				ENABLE_NS_ASSERTIONS = NO;
				ENABLE_STRICT_OBJC_MSGSEND = YES;
				GCC_C_LANGUAGE_STANDARD = gnu11;
				GCC_NO_COMMON_BLOCKS = YES;
				GCC_WARN_64_TO_32_BIT_CONVERSION = YES;
				GCC_WARN_ABOUT_RETURN_TYPE = YES_ERROR;
				GCC_WARN_UNDECLARED_SELECTOR = YES;
				GCC_WARN_UNINITIALIZED_AUTOS = YES_AGGRESSIVE;
				GCC_WARN_UNUSED_FUNCTION = YES;
				GCC_WARN_UNUSED_VARIABLE = YES;
				IPHONEOS_DEPLOYMENT_TARGET = 13.3;
				MTL_ENABLE_DEBUG_INFO = NO;
				MTL_FAST_MATH = YES;
				SDKROOT = iphoneos;
				SWIFT_COMPILATION_MODE = wholemodule;
				SWIFT_OPTIMIZATION_LEVEL = "-O";
				VALIDATE_PRODUCT = YES;
			};
			name = Release;
		};
		CA6F53C52844AB3E002093C4 /* Debug */ = {
			isa = XCBuildConfiguration;
			buildSettings = {
				ASSETCATALOG_COMPILER_APPICON_NAME = AppIcon;
				ASSETCATALOG_COMPILER_GLOBAL_ACCENT_COLOR_NAME = AccentColor;
				ASSETCATALOG_COMPILER_INCLUDE_ALL_APPICON_ASSETS = YES;
				CODE_SIGN_STYLE = Automatic;
				CURRENT_PROJECT_VERSION = 1;
				DEVELOPMENT_TEAM = AKSA8N6KS7;
				GENERATE_INFOPLIST_FILE = YES;
				INFOPLIST_FILE = testRickAndMorty/Resourses/Info.plist;
				INFOPLIST_KEY_UIApplicationSupportsIndirectInputEvents = YES;
				INFOPLIST_KEY_UILaunchStoryboardName = LaunchScreen;
				INFOPLIST_KEY_UISupportedInterfaceOrientations_iPad = "UIInterfaceOrientationPortrait UIInterfaceOrientationPortraitUpsideDown UIInterfaceOrientationLandscapeLeft UIInterfaceOrientationLandscapeRight";
				INFOPLIST_KEY_UISupportedInterfaceOrientations_iPhone = "UIInterfaceOrientationPortrait UIInterfaceOrientationLandscapeLeft UIInterfaceOrientationLandscapeRight";
				IPHONEOS_DEPLOYMENT_TARGET = 13.3;
				LD_RUNPATH_SEARCH_PATHS = (
					"$(inherited)",
					"@executable_path/Frameworks",
				);
				MARKETING_VERSION = 1.0;
				PRODUCT_BUNDLE_IDENTIFIER = shapaj.testRickAndMorty;
				PRODUCT_NAME = "$(TARGET_NAME)";
				SWIFT_EMIT_LOC_STRINGS = YES;
				SWIFT_VERSION = 5.0;
				TARGETED_DEVICE_FAMILY = "1,2";
			};
			name = Debug;
		};
		CA6F53C62844AB3E002093C4 /* Release */ = {
			isa = XCBuildConfiguration;
			buildSettings = {
				ASSETCATALOG_COMPILER_APPICON_NAME = AppIcon;
				ASSETCATALOG_COMPILER_GLOBAL_ACCENT_COLOR_NAME = AccentColor;
				ASSETCATALOG_COMPILER_INCLUDE_ALL_APPICON_ASSETS = YES;
				CODE_SIGN_IDENTITY = "Apple Development";
				CODE_SIGN_STYLE = Automatic;
				CURRENT_PROJECT_VERSION = 1;
				DEVELOPMENT_TEAM = AKSA8N6KS7;
				GENERATE_INFOPLIST_FILE = YES;
				INFOPLIST_FILE = testRickAndMorty/Resourses/Info.plist;
				INFOPLIST_KEY_UIApplicationSupportsIndirectInputEvents = YES;
				INFOPLIST_KEY_UILaunchStoryboardName = LaunchScreen;
				INFOPLIST_KEY_UISupportedInterfaceOrientations_iPad = "UIInterfaceOrientationPortrait UIInterfaceOrientationPortraitUpsideDown UIInterfaceOrientationLandscapeLeft UIInterfaceOrientationLandscapeRight";
				INFOPLIST_KEY_UISupportedInterfaceOrientations_iPhone = "UIInterfaceOrientationPortrait UIInterfaceOrientationLandscapeLeft UIInterfaceOrientationLandscapeRight";
				IPHONEOS_DEPLOYMENT_TARGET = 13.3;
				LD_RUNPATH_SEARCH_PATHS = (
					"$(inherited)",
					"@executable_path/Frameworks",
				);
				MARKETING_VERSION = 1.0;
				PRODUCT_BUNDLE_IDENTIFIER = shapaj.testRickAndMorty;
				PRODUCT_NAME = "$(TARGET_NAME)";
				PROVISIONING_PROFILE_SPECIFIER = "";
				SWIFT_EMIT_LOC_STRINGS = YES;
				SWIFT_VERSION = 5.0;
				TARGETED_DEVICE_FAMILY = "1,2";
			};
			name = Release;
		};
/* End XCBuildConfiguration section */

/* Begin XCConfigurationList section */
		CA6F53AB2844AB3C002093C4 /* Build configuration list for PBXProject "testRickAndMorty" */ = {
			isa = XCConfigurationList;
			buildConfigurations = (
				CA6F53C22844AB3E002093C4 /* Debug */,
				CA6F53C32844AB3E002093C4 /* Release */,
			);
			defaultConfigurationIsVisible = 0;
			defaultConfigurationName = Release;
		};
		CA6F53C42844AB3E002093C4 /* Build configuration list for PBXNativeTarget "testRickAndMorty" */ = {
			isa = XCConfigurationList;
			buildConfigurations = (
				CA6F53C52844AB3E002093C4 /* Debug */,
				CA6F53C62844AB3E002093C4 /* Release */,
			);
			defaultConfigurationIsVisible = 0;
			defaultConfigurationName = Release;
		};
/* End XCConfigurationList section */

/* Begin XCRemoteSwiftPackageReference section */
		CA6F547928476F35002093C4 /* XCRemoteSwiftPackageReference "SnapKit" */ = {
			isa = XCRemoteSwiftPackageReference;
			repositoryURL = "https://github.com/SnapKit/SnapKit.git";
			requirement = {
				kind = upToNextMajorVersion;
				minimumVersion = 5.0.0;
			};
		};
		CA6F547C28476F5A002093C4 /* XCRemoteSwiftPackageReference "Nuke" */ = {
			isa = XCRemoteSwiftPackageReference;
			repositoryURL = "https://github.com/kean/Nuke.git";
			requirement = {
				kind = upToNextMajorVersion;
				minimumVersion = 9.0.0;
			};
		};
		CAC1F77B284E7E9F00876160 /* XCRemoteSwiftPackageReference "Nuke" */ = {
			isa = XCRemoteSwiftPackageReference;
			repositoryURL = "https://github.com/kean/Nuke.git";
			requirement = {
				branch = master;
				kind = branch;
			};
		};
		CAC1F77E284E7EAF00876160 /* XCRemoteSwiftPackageReference "SnapKit" */ = {
			isa = XCRemoteSwiftPackageReference;
			repositoryURL = "https://github.com/SnapKit/SnapKit.git";
			requirement = {
				branch = develop;
				kind = branch;
			};
		};
/* End XCRemoteSwiftPackageReference section */

/* Begin XCSwiftPackageProductDependency section */
		CA6F547A28476F35002093C4 /* SnapKit */ = {
			isa = XCSwiftPackageProductDependency;
			package = CA6F547928476F35002093C4 /* XCRemoteSwiftPackageReference "SnapKit" */;
			productName = SnapKit;
		};
		CA6F547D28476F5A002093C4 /* Nuke */ = {
			isa = XCSwiftPackageProductDependency;
			package = CA6F547C28476F5A002093C4 /* XCRemoteSwiftPackageReference "Nuke" */;
			productName = Nuke;
		};
		CAC1F77C284E7E9F00876160 /* Nuke */ = {
			isa = XCSwiftPackageProductDependency;
			package = CAC1F77B284E7E9F00876160 /* XCRemoteSwiftPackageReference "Nuke" */;
			productName = Nuke;
		};
		CAC1F77F284E7EAF00876160 /* SnapKit */ = {
			isa = XCSwiftPackageProductDependency;
			package = CAC1F77E284E7EAF00876160 /* XCRemoteSwiftPackageReference "SnapKit" */;
			productName = SnapKit;
		};
/* End XCSwiftPackageProductDependency section */
	};
	rootObject = CA6F53A82844AB3C002093C4 /* Project object */;
}
